
Microsoft Visual Studio Solution File, Format Version 12.00
# Visual Studio 15
VisualStudioVersion = 15.0.28010.0
MinimumVisualStudioVersion = 10.0.40219.1
Project("{FAE04EC0-301F-11D3-BF4B-00C04F79EFBC}") = "Ivony.Web.Route.Abstract", "Ivony.Web.Route.Abstract\Ivony.Web.Route.Abstract.csproj", "{2FD2DB9F-C076-4CBD-93B3-8D753D2DE280}"
EndProject
Project("{9A19103F-16F7-4668-BE54-9A1E7A4F7556}") = "Ivony.Web.Route", "Ivony.Web.Route\Ivony.Web.Route.csproj", "{FC4E68A8-5B25-4E23-99E5-0410888DC175}"
EndProject
Project("{FAE04EC0-301F-11D3-BF4B-00C04F79EFBC}") = "WebTest", "WebTest\WebTest.csproj", "{68A00B22-DA31-4107-BBCB-0C713060911D}"
EndProject
Global
	GlobalSection(SolutionConfigurationPlatforms) = preSolution
		Debug|Any CPU = Debug|Any CPU
		Release|Any CPU = Release|Any CPU
	EndGlobalSection
	GlobalSection(ProjectConfigurationPlatforms) = postSolution
		{2FD2DB9F-C076-4CBD-93B3-8D753D2DE280}.Debug|Any CPU.ActiveCfg = Debug|Any CPU
		{2FD2DB9F-C076-4CBD-93B3-8D753D2DE280}.Debug|Any CPU.Build.0 = Debug|Any CPU
		{2FD2DB9F-C076-4CBD-93B3-8D753D2DE280}.Release|Any CPU.ActiveCfg = Release|Any CPU
		{2FD2DB9F-C076-4CBD-93B3-8D753D2DE280}.Release|Any CPU.Build.0 = Release|Any CPU
		{FC4E68A8-5B25-4E23-99E5-0410888DC175}.Debug|Any CPU.ActiveCfg = Debug|Any CPU
		{FC4E68A8-5B25-4E23-99E5-0410888DC175}.Debug|Any CPU.Build.0 = Debug|Any CPU
		{FC4E68A8-5B25-4E23-99E5-0410888DC175}.Release|Any CPU.ActiveCfg = Release|Any CPU
		{FC4E68A8-5B25-4E23-99E5-0410888DC175}.Release|Any CPU.Build.0 = Release|Any CPU
		{68A00B22-DA31-4107-BBCB-0C713060911D}.Debug|Any CPU.ActiveCfg = Debug|Any CPU
		{68A00B22-DA31-4107-BBCB-0C713060911D}.Debug|Any CPU.Build.0 = Debug|Any CPU
		{68A00B22-DA31-4107-BBCB-0C713060911D}.Release|Any CPU.ActiveCfg = Release|Any CPU
		{68A00B22-DA31-4107-BBCB-0C713060911D}.Release|Any CPU.Build.0 = Release|Any CPU
	EndGlobalSection
	GlobalSection(SolutionProperties) = preSolution
		HideSolutionNode = FALSE
	EndGlobalSection
	GlobalSection(ExtensibilityGlobals) = postSolution
		SolutionGuid = {8AA583BB-A56D-4762-B9D9-71DC0DBD958B}
	EndGlobalSection
EndGlobal
